
Microsoft Visual Studio Solution File, Format Version 12.00
# Visual Studio Version 17
VisualStudioVersion = 17.0.31919.166
MinimumVisualStudioVersion = 10.0.40219.1
Project("{8BC9CEB8-8B4A-11D0-8D11-00A0C91BC942}") = "Basics", "Cpp_programming\Cpp_programming.vcxproj", "{CE42C56E-CB5C-4C4D-8083-62314DDCBFA0}"
EndProject
Project("{8BC9CEB8-8B4A-11D0-8D11-00A0C91BC942}") = "Pointers", "pointers\pointers.vcxproj", "{AF5D9D9F-5AC1-4F08-87D2-69E214768B4E}"
EndProject
Project("{8BC9CEB8-8B4A-11D0-8D11-00A0C91BC942}") = "Functions", "Functions\Functions.vcxproj", "{BBF1A707-A5F1-4374-AE04-D22764B23EFA}"
EndProject
Project("{8BC9CEB8-8B4A-11D0-8D11-00A0C91BC942}") = "Classes_Objects", "Classes_Objects\Classes_Objects.vcxproj", "{462CAD5C-233E-478C-9EB4-BCC2541642F0}"
EndProject
Project("{8BC9CEB8-8B4A-11D0-8D11-00A0C91BC942}") = "Constructors_Destructors", "Constructors_Destructors\Constructors_Destructors.vcxproj", "{33D06525-235C-427B-A507-1031846C362D}"
EndProject
Project("{8BC9CEB8-8B4A-11D0-8D11-00A0C91BC942}") = "Polymorphism", "Polymorphism\Polymorphism.vcxproj", "{0EA03D3A-3F7E-42BD-9682-02BF4DACCE39}"
EndProject
Project("{8BC9CEB8-8B4A-11D0-8D11-00A0C91BC942}") = "Exception_Handling", "Exception_Handling\Exception_Handling.vcxproj", "{39FD9E5B-E66C-4CB8-AF47-FA178A6C2206}"
EndProject
Project("{8BC9CEB8-8B4A-11D0-8D11-00A0C91BC942}") = "File_Handling", "File_Handling\File_Handling.vcxproj", "{3F05F988-3172-4123-A908-F30F02866B67}"
EndProject
Project("{8BC9CEB8-8B4A-11D0-8D11-00A0C91BC942}") = "Strings", "Strings\Strings.vcxproj", "{DF53F994-5C30-44DF-A702-5F7510CACB1D}"
EndProject
Project("{8BC9CEB8-8B4A-11D0-8D11-00A0C91BC942}") = "Templates", "Templates\Templates.vcxproj", "{0EB63433-5278-4726-88F5-541BEA511ECD}"
EndProject
Project("{8BC9CEB8-8B4A-11D0-8D11-00A0C91BC942}") = "Inheritance", "Inheritance\Inheritance.vcxproj", "{623C01B8-0BDA-4961-A30C-DF72109F2663}"
EndProject
Global
	GlobalSection(SolutionConfigurationPlatforms) = preSolution
		Debug|x64 = Debug|x64
		Debug|x86 = Debug|x86
		Release|x64 = Release|x64
		Release|x86 = Release|x86
	EndGlobalSection
	GlobalSection(ProjectConfigurationPlatforms) = postSolution
		{CE42C56E-CB5C-4C4D-8083-62314DDCBFA0}.Debug|x64.ActiveCfg = Debug|x64
		{CE42C56E-CB5C-4C4D-8083-62314DDCBFA0}.Debug|x64.Build.0 = Debug|x64
		{CE42C56E-CB5C-4C4D-8083-62314DDCBFA0}.Debug|x86.ActiveCfg = Debug|Win32
		{CE42C56E-CB5C-4C4D-8083-62314DDCBFA0}.Debug|x86.Build.0 = Debug|Win32
		{CE42C56E-CB5C-4C4D-8083-62314DDCBFA0}.Release|x64.ActiveCfg = Release|x64
		{CE42C56E-CB5C-4C4D-8083-62314DDCBFA0}.Release|x64.Build.0 = Release|x64
		{CE42C56E-CB5C-4C4D-8083-62314DDCBFA0}.Release|x86.ActiveCfg = Release|Win32
		{CE42C56E-CB5C-4C4D-8083-62314DDCBFA0}.Release|x86.Build.0 = Release|Win32
		{AF5D9D9F-5AC1-4F08-87D2-69E214768B4E}.Debug|x64.ActiveCfg = Debug|x64
		{AF5D9D9F-5AC1-4F08-87D2-69E214768B4E}.Debug|x64.Build.0 = Debug|x64
		{AF5D9D9F-5AC1-4F08-87D2-69E214768B4E}.Debug|x86.ActiveCfg = Debug|Win32
		{AF5D9D9F-5AC1-4F08-87D2-69E214768B4E}.Debug|x86.Build.0 = Debug|Win32
		{AF5D9D9F-5AC1-4F08-87D2-69E214768B4E}.Release|x64.ActiveCfg = Release|x64
		{AF5D9D9F-5AC1-4F08-87D2-69E214768B4E}.Release|x64.Build.0 = Release|x64
		{AF5D9D9F-5AC1-4F08-87D2-69E214768B4E}.Release|x86.ActiveCfg = Release|Win32
		{AF5D9D9F-5AC1-4F08-87D2-69E214768B4E}.Release|x86.Build.0 = Release|Win32
		{BBF1A707-A5F1-4374-AE04-D22764B23EFA}.Debug|x64.ActiveCfg = Debug|x64
		{BBF1A707-A5F1-4374-AE04-D22764B23EFA}.Debug|x64.Build.0 = Debug|x64
		{BBF1A707-A5F1-4374-AE04-D22764B23EFA}.Debug|x86.ActiveCfg = Debug|Win32
		{BBF1A707-A5F1-4374-AE04-D22764B23EFA}.Debug|x86.Build.0 = Debug|Win32
		{BBF1A707-A5F1-4374-AE04-D22764B23EFA}.Release|x64.ActiveCfg = Release|x64
		{BBF1A707-A5F1-4374-AE04-D22764B23EFA}.Release|x64.Build.0 = Release|x64
		{BBF1A707-A5F1-4374-AE04-D22764B23EFA}.Release|x86.ActiveCfg = Release|Win32
		{BBF1A707-A5F1-4374-AE04-D22764B23EFA}.Release|x86.Build.0 = Release|Win32
		{462CAD5C-233E-478C-9EB4-BCC2541642F0}.Debug|x64.ActiveCfg = Debug|x64
		{462CAD5C-233E-478C-9EB4-BCC2541642F0}.Debug|x64.Build.0 = Debug|x64
		{462CAD5C-233E-478C-9EB4-BCC2541642F0}.Debug|x86.ActiveCfg = Debug|Win32
		{462CAD5C-233E-478C-9EB4-BCC2541642F0}.Debug|x86.Build.0 = Debug|Win32
		{462CAD5C-233E-478C-9EB4-BCC2541642F0}.Release|x64.ActiveCfg = Release|x64
		{462CAD5C-233E-478C-9EB4-BCC2541642F0}.Release|x64.Build.0 = Release|x64
		{462CAD5C-233E-478C-9EB4-BCC2541642F0}.Release|x86.ActiveCfg = Release|Win32
		{462CAD5C-233E-478C-9EB4-BCC2541642F0}.Release|x86.Build.0 = Release|Win32
		{33D06525-235C-427B-A507-1031846C362D}.Debug|x64.ActiveCfg = Debug|x64
		{33D06525-235C-427B-A507-1031846C362D}.Debug|x64.Build.0 = Debug|x64
		{33D06525-235C-427B-A507-1031846C362D}.Debug|x86.ActiveCfg = Debug|Win32
		{33D06525-235C-427B-A507-1031846C362D}.Debug|x86.Build.0 = Debug|Win32
		{33D06525-235C-427B-A507-1031846C362D}.Release|x64.ActiveCfg = Release|x64
		{33D06525-235C-427B-A507-1031846C362D}.Release|x64.Build.0 = Release|x64
		{33D06525-235C-427B-A507-1031846C362D}.Release|x86.ActiveCfg = Release|Win32
		{33D06525-235C-427B-A507-1031846C362D}.Release|x86.Build.0 = Release|Win32
		{0EA03D3A-3F7E-42BD-9682-02BF4DACCE39}.Debug|x64.ActiveCfg = Debug|x64
		{0EA03D3A-3F7E-42BD-9682-02BF4DACCE39}.Debug|x64.Build.0 = Debug|x64
		{0EA03D3A-3F7E-42BD-9682-02BF4DACCE39}.Debug|x86.ActiveCfg = Debug|Win32
		{0EA03D3A-3F7E-42BD-9682-02BF4DACCE39}.Debug|x86.Build.0 = Debug|Win32
		{0EA03D3A-3F7E-42BD-9682-02BF4DACCE39}.Release|x64.ActiveCfg = Release|x64
		{0EA03D3A-3F7E-42BD-9682-02BF4DACCE39}.Release|x64.Build.0 = Release|x64
		{0EA03D3A-3F7E-42BD-9682-02BF4DACCE39}.Release|x86.ActiveCfg = Release|Win32
		{0EA03D3A-3F7E-42BD-9682-02BF4DACCE39}.Release|x86.Build.0 = Release|Win32
		{39FD9E5B-E66C-4CB8-AF47-FA178A6C2206}.Debug|x64.ActiveCfg = Debug|x64
		{39FD9E5B-E66C-4CB8-AF47-FA178A6C2206}.Debug|x64.Build.0 = Debug|x64
		{39FD9E5B-E66C-4CB8-AF47-FA178A6C2206}.Debug|x86.ActiveCfg = Debug|Win32
		{39FD9E5B-E66C-4CB8-AF47-FA178A6C2206}.Debug|x86.Build.0 = Debug|Win32
		{39FD9E5B-E66C-4CB8-AF47-FA178A6C2206}.Release|x64.ActiveCfg = Release|x64
		{39FD9E5B-E66C-4CB8-AF47-FA178A6C2206}.Release|x64.Build.0 = Release|x64
		{39FD9E5B-E66C-4CB8-AF47-FA178A6C2206}.Release|x86.ActiveCfg = Release|Win32
		{39FD9E5B-E66C-4CB8-AF47-FA178A6C2206}.Release|x86.Build.0 = Release|Win32
		{3F05F988-3172-4123-A908-F30F02866B67}.Debug|x64.ActiveCfg = Debug|x64
		{3F05F988-3172-4123-A908-F30F02866B67}.Debug|x64.Build.0 = Debug|x64
		{3F05F988-3172-4123-A908-F30F02866B67}.Debug|x86.ActiveCfg = Debug|Win32
		{3F05F988-3172-4123-A908-F30F02866B67}.Debug|x86.Build.0 = Debug|Win32
		{3F05F988-3172-4123-A908-F30F02866B67}.Release|x64.ActiveCfg = Release|x64
		{3F05F988-3172-4123-A908-F30F02866B67}.Release|x64.Build.0 = Release|x64
		{3F05F988-3172-4123-A908-F30F02866B67}.Release|x86.ActiveCfg = Release|Win32
		{3F05F988-3172-4123-A908-F30F02866B67}.Release|x86.Build.0 = Release|Win32
		{DF53F994-5C30-44DF-A702-5F7510CACB1D}.Debug|x64.ActiveCfg = Debug|x64
		{DF53F994-5C30-44DF-A702-5F7510CACB1D}.Debug|x64.Build.0 = Debug|x64
		{DF53F994-5C30-44DF-A702-5F7510CACB1D}.Debug|x86.ActiveCfg = Debug|Win32
		{DF53F994-5C30-44DF-A702-5F7510CACB1D}.Debug|x86.Build.0 = Debug|Win32
		{DF53F994-5C30-44DF-A702-5F7510CACB1D}.Release|x64.ActiveCfg = Release|x64
		{DF53F994-5C30-44DF-A702-5F7510CACB1D}.Release|x64.Build.0 = Release|x64
		{DF53F994-5C30-44DF-A702-5F7510CACB1D}.Release|x86.ActiveCfg = Release|Win32
		{DF53F994-5C30-44DF-A702-5F7510CACB1D}.Release|x86.Build.0 = Release|Win32
		{0EB63433-5278-4726-88F5-541BEA511ECD}.Debug|x64.ActiveCfg = Debug|x64
		{0EB63433-5278-4726-88F5-541BEA511ECD}.Debug|x64.Build.0 = Debug|x64
		{0EB63433-5278-4726-88F5-541BEA511ECD}.Debug|x86.ActiveCfg = Debug|Win32
		{0EB63433-5278-4726-88F5-541BEA511ECD}.Debug|x86.Build.0 = Debug|Win32
		{0EB63433-5278-4726-88F5-541BEA511ECD}.Release|x64.ActiveCfg = Release|x64
		{0EB63433-5278-4726-88F5-541BEA511ECD}.Release|x64.Build.0 = Release|x64
		{0EB63433-5278-4726-88F5-541BEA511ECD}.Release|x86.ActiveCfg = Release|Win32
		{0EB63433-5278-4726-88F5-541BEA511ECD}.Release|x86.Build.0 = Release|Win32
		{623C01B8-0BDA-4961-A30C-DF72109F2663}.Debug|x64.ActiveCfg = Debug|x64
		{623C01B8-0BDA-4961-A30C-DF72109F2663}.Debug|x64.Build.0 = Debug|x64
		{623C01B8-0BDA-4961-A30C-DF72109F2663}.Debug|x86.ActiveCfg = Debug|Win32
		{623C01B8-0BDA-4961-A30C-DF72109F2663}.Debug|x86.Build.0 = Debug|Win32
		{623C01B8-0BDA-4961-A30C-DF72109F2663}.Release|x64.ActiveCfg = Release|x64
		{623C01B8-0BDA-4961-A30C-DF72109F2663}.Release|x64.Build.0 = Release|x64
		{623C01B8-0BDA-4961-A30C-DF72109F2663}.Release|x86.ActiveCfg = Release|Win32
		{623C01B8-0BDA-4961-A30C-DF72109F2663}.Release|x86.Build.0 = Release|Win32
	EndGlobalSection
	GlobalSection(SolutionProperties) = preSolution
		HideSolutionNode = FALSE
	EndGlobalSection
	GlobalSection(ExtensibilityGlobals) = postSolution
		SolutionGuid = {AF23A5BF-7D74-48B6-8B4C-731014A62915}
	EndGlobalSection
EndGlobal
